
Microsoft Visual Studio Solution File, Format Version 12.00
# Visual Studio Version 17
VisualStudioVersion = 17.2.32314.265
MinimumVisualStudioVersion = 10.0.40219.1
Project("{9A19103F-16F7-4668-BE54-9A1E7A4F7556}") = "BAT", "BAT.csproj", "{698F7D31-DA62-4147-8E00-2890DF2190FE}"
EndProject
Global
	GlobalSection(SolutionConfigurationPlatforms) = preSolution
		Debug|Any CPU = Debug|Any CPU
		Release|Any CPU = Release|Any CPU
	EndGlobalSection
	GlobalSection(ProjectConfigurationPlatforms) = postSolution
		{698F7D31-DA62-4147-8E00-2890DF2190FE}.Debug|Any CPU.ActiveCfg = Debug|Any CPU
		{698F7D31-DA62-4147-8E00-2890DF2190FE}.Debug|Any CPU.Build.0 = Debug|Any CPU
		{698F7D31-DA62-4147-8E00-2890DF2190FE}.Release|Any CPU.ActiveCfg = Release|Any CPU
		{698F7D31-DA62-4147-8E00-2890DF2190FE}.Release|Any CPU.Build.0 = Release|Any CPU
	EndGlobalSection
	GlobalSection(SolutionProperties) = preSolution
		HideSolutionNode = FALSE
	EndGlobalSection
	GlobalSection(ExtensibilityGlobals) = postSolution
		SolutionGuid = {A8ECA07C-FEA4-49AC-B170-733F3C3F07C0}
	EndGlobalSection
EndGlobal
